// !$*UTF8*$!
{
	archiveVersion = 1;
	classes = {
	};
	objectVersion = 50;
	objects = {

/* Begin PBXBuildFile section */
		847FF6E4216EFD6400C08AB2 /* AppDelegate.swift in Sources */ = {isa = PBXBuildFile; fileRef = 847FF6E3216EFD6400C08AB2 /* AppDelegate.swift */; };
		847FF6E6216EFD6400C08AB2 /* ViewController.swift in Sources */ = {isa = PBXBuildFile; fileRef = 847FF6E5216EFD6400C08AB2 /* ViewController.swift */; };
		847FF6E9216EFD6400C08AB2 /* Main.storyboard in Resources */ = {isa = PBXBuildFile; fileRef = 847FF6E7216EFD6400C08AB2 /* Main.storyboard */; };
		847FF6EB216EFD7C00C08AB2 /* Assets.xcassets in Resources */ = {isa = PBXBuildFile; fileRef = 847FF6EA216EFD7C00C08AB2 /* Assets.xcassets */; };
		847FF6EE216EFD7C00C08AB2 /* LaunchScreen.storyboard in Resources */ = {isa = PBXBuildFile; fileRef = 847FF6EC216EFD7C00C08AB2 /* LaunchScreen.storyboard */; };
		847FF6F82176490600C08AB2 /* machine.swift in Sources */ = {isa = PBXBuildFile; fileRef = 847FF6F72176490600C08AB2 /* machine.swift */; };
		84EA8BC62177EFDC00468929 /* dl257_y_compact_me_fronte_grigia.jpg in Resources */ = {isa = PBXBuildFile; fileRef = 84EA8BC52177EFDC00468929 /* dl257_y_compact_me_fronte_grigia.jpg */; };
/* End PBXBuildFile section */

/* Begin PBXFileReference section */
		847FF6E0216EFD6400C08AB2 /* coffeMachineClass.app */ = {isa = PBXFileReference; explicitFileType = wrapper.application; includeInIndex = 0; path = coffeMachineClass.app; sourceTree = BUILT_PRODUCTS_DIR; };
		847FF6E3216EFD6400C08AB2 /* AppDelegate.swift */ = {isa = PBXFileReference; lastKnownFileType = sourcecode.swift; path = AppDelegate.swift; sourceTree = "<group>"; };
		847FF6E5216EFD6400C08AB2 /* ViewController.swift */ = {isa = PBXFileReference; lastKnownFileType = sourcecode.swift; path = ViewController.swift; sourceTree = "<group>"; };
		847FF6E8216EFD6400C08AB2 /* Base */ = {isa = PBXFileReference; lastKnownFileType = file.storyboard; name = Base; path = Base.lproj/Main.storyboard; sourceTree = "<group>"; };
		847FF6EA216EFD7C00C08AB2 /* Assets.xcassets */ = {isa = PBXFileReference; lastKnownFileType = folder.assetcatalog; path = Assets.xcassets; sourceTree = "<group>"; };
		847FF6ED216EFD7C00C08AB2 /* Base */ = {isa = PBXFileReference; lastKnownFileType = file.storyboard; name = Base; path = Base.lproj/LaunchScreen.storyboard; sourceTree = "<group>"; };
		847FF6EF216EFD7C00C08AB2 /* Info.plist */ = {isa = PBXFileReference; lastKnownFileType = text.plist.xml; path = Info.plist; sourceTree = "<group>"; };
		847FF6F72176490600C08AB2 /* machine.swift */ = {isa = PBXFileReference; lastKnownFileType = sourcecode.swift; path = machine.swift; sourceTree = "<group>"; };
		84EA8BC52177EFDC00468929 /* dl257_y_compact_me_fronte_grigia.jpg */ = {isa = PBXFileReference; lastKnownFileType = image.jpeg; path = dl257_y_compact_me_fronte_grigia.jpg; sourceTree = "<group>"; };
/* End PBXFileReference section */

/* Begin PBXFrameworksBuildPhase section */
		847FF6DD216EFD6400C08AB2 /* Frameworks */ = {
			isa = PBXFrameworksBuildPhase;
			buildActionMask = 2147483647;
			files = (
			);
			runOnlyForDeploymentPostprocessing = 0;
		};
/* End PBXFrameworksBuildPhase section */

/* Begin PBXGroup section */
		847FF6D7216EFD6400C08AB2 = {
			isa = PBXGroup;
			children = (
				847FF6E2216EFD6400C08AB2 /* coffeMachineClass */,
				847FF6E1216EFD6400C08AB2 /* Products */,
			);
			sourceTree = "<group>";
		};
		847FF6E1216EFD6400C08AB2 /* Products */ = {
			isa = PBXGroup;
			children = (
				847FF6E0216EFD6400C08AB2 /* coffeMachineClass.app */,
			);
			name = Products;
			sourceTree = "<group>";
		};
		847FF6E2216EFD6400C08AB2 /* coffeMachineClass */ = {
			isa = PBXGroup;
			children = (
				84EA8BC52177EFDC00468929 /* dl257_y_compact_me_fronte_grigia.jpg */,
				847FF6E3216EFD6400C08AB2 /* AppDelegate.swift */,
				847FF6E5216EFD6400C08AB2 /* ViewController.swift */,
				847FF6F72176490600C08AB2 /* machine.swift */,
				847FF6E7216EFD6400C08AB2 /* Main.storyboard */,
				847FF6EA216EFD7C00C08AB2 /* Assets.xcassets */,
				847FF6EC216EFD7C00C08AB2 /* LaunchScreen.storyboard */,
				847FF6EF216EFD7C00C08AB2 /* Info.plist */,
			);
			path = coffeMachineClass;
			sourceTree = "<group>";
		};
/* End PBXGroup section */

/* Begin PBXNativeTarget section */
		847FF6DF216EFD6400C08AB2 /* coffeMachineClass */ = {
			isa = PBXNativeTarget;
			buildConfigurationList = 847FF6F2216EFD7C00C08AB2 /* Build configuration list for PBXNativeTarget "coffeMachineClass" */;
			buildPhases = (
				847FF6DC216EFD6400C08AB2 /* Sources */,
				847FF6DD216EFD6400C08AB2 /* Frameworks */,
				847FF6DE216EFD6400C08AB2 /* Resources */,
			);
			buildRules = (
			);
			dependencies = (
			);
			name = coffeMachineClass;
			productName = coffeMachineClass;
			productReference = 847FF6E0216EFD6400C08AB2 /* coffeMachineClass.app */;
			productType = "com.apple.product-type.application";
		};
/* End PBXNativeTarget section */

/* Begin PBXProject section */
		847FF6D8216EFD6400C08AB2 /* Project object */ = {
			isa = PBXProject;
			attributes = {
				LastSwiftUpdateCheck = 1000;
				LastUpgradeCheck = 1000;
				ORGANIZATIONNAME = Admin;
				TargetAttributes = {
					847FF6DF216EFD6400C08AB2 = {
						CreatedOnToolsVersion = 10.0;
					};
				};
			};
			buildConfigurationList = 847FF6DB216EFD6400C08AB2 /* Build configuration list for PBXProject "coffeMachineClass" */;
			compatibilityVersion = "Xcode 9.3";
			developmentRegion = en;
			hasScannedForEncodings = 0;
			knownRegions = (
				en,
				Base,
			);
			mainGroup = 847FF6D7216EFD6400C08AB2;
			productRefGroup = 847FF6E1216EFD6400C08AB2 /* Products */;
			projectDirPath = "";
			projectRoot = "";
			targets = (
				847FF6DF216EFD6400C08AB2 /* coffeMachineClass */,
			);
		};
/* End PBXProject section */

/* Begin PBXResourcesBuildPhase section */
		847FF6DE216EFD6400C08AB2 /* Resources */ = {
			isa = PBXResourcesBuildPhase;
			buildActionMask = 2147483647;
			files = (
				847FF6EE216EFD7C00C08AB2 /* LaunchScreen.storyboard in Resources */,
				847FF6EB216EFD7C00C08AB2 /* Assets.xcassets in Resources */,
				847FF6E9216EFD6400C08AB2 /* Main.storyboard in Resources */,
				84EA8BC62177EFDC00468929 /* dl257_y_compact_me_fronte_grigia.jpg in Resources */,
			);
			runOnlyForDeploymentPostprocessing = 0;
		};
/* End PBXResourcesBuildPhase section */

/* Begin PBXSourcesBuildPhase section */
		847FF6DC216EFD6400C08AB2 /* Sources */ = {
			isa = PBXSourcesBuildPhase;
			buildActionMask = 2147483647;
			files = (
				847FF6E6216EFD6400C08AB2 /* ViewController.swift in Sources */,
				847FF6F82176490600C08AB2 /* machine.swift in Sources */,
				847FF6E4216EFD6400C08AB2 /* AppDelegate.swift in Sources */,
			);
			runOnlyForDeploymentPostprocessing = 0;
		};
/* End PBXSourcesBuildPhase section */

/* Begin PBXVariantGroup section */
		847FF6E7216EFD6400C08AB2 /* Main.storyboard */ = {
			isa = PBXVariantGroup;
			children = (
				847FF6E8216EFD6400C08AB2 /* Base */,
			);
			name = Main.storyboard;
			sourceTree = "<group>";
		};
		847FF6EC216EFD7C00C08AB2 /* LaunchScreen.storyboard */ = {
			isa = PBXVariantGroup;
			children = (
				847FF6ED216EFD7C00C08AB2 /* Base */,
			);
			name = LaunchScreen.storyboard;
			sourceTree = "<group>";
		};
/* End PBXVariantGroup section */

/* Begin XCBuildConfiguration section */
		847FF6F0216EFD7C00C08AB2 /* Debug */ = {
			isa = XCBuildConfiguration;
			buildSettings = {
				ALWAYS_SEARCH_USER_PATHS = NO;
				CLANG_ANALYZER_NONNULL = YES;
				CLANG_ANALYZER_NUMBER_OBJECT_CONVERSION = YES_AGGRESSIVE;
				CLANG_CXX_LANGUAGE_STANDARD = "gnu++14";
				CLANG_CXX_LIBRARY = "libc++";
				CLANG_ENABLE_MODULES = YES;
				CLANG_ENABLE_OBJC_ARC = YES;
				CLANG_ENABLE_OBJC_WEAK = YES;
				CLANG_WARN_BLOCK_CAPTURE_AUTORELEASING = YES;
				CLANG_WARN_BOOL_CONVERSION = YES;
				CLANG_WARN_COMMA = YES;
				CLANG_WARN_CONSTANT_CONVERSION = YES;
				CLANG_WARN_DEPRECATED_OBJC_IMPLEMENTATIONS = YES;
				CLANG_WARN_DIRECT_OBJC_ISA_USAGE = YES_ERROR;
				CLANG_WARN_DOCUMENTATION_COMMENTS = YES;
				CLANG_WARN_EMPTY_BODY = YES;
				CLANG_WARN_ENUM_CONVERSION = YES;
				CLANG_WARN_INFINITE_RECURSION = YES;
				CLANG_WARN_INT_CONVERSION = YES;
				CLANG_WARN_NON_LITERAL_NULL_CONVERSION = YES;
				CLANG_WARN_OBJC_IMPLICIT_RETAIN_SELF = YES;
				CLANG_WARN_OBJC_LITERAL_CONVERSION = YES;
				CLANG_WARN_OBJC_ROOT_CLASS = YES_ERROR;
				CLANG_WARN_RANGE_LOOP_ANALYSIS = YES;
				CLANG_WARN_STRICT_PROTOTYPES = YES;
				CLANG_WARN_SUSPICIOUS_MOVE = YES;
				CLANG_WARN_UNGUARDED_AVAILABILITY = YES_AGGRESSIVE;
				CLANG_WARN_UNREACHABLE_CODE = YES;
				CLANG_WARN__DUPLICATE_METHOD_MATCH = YES;
				CODE_SIGN_IDENTITY = "iPhone Developer";
				COPY_PHASE_STRIP = NO;
				DEBUG_INFORMATION_FORMAT = dwarf;
				ENABLE_STRICT_OBJC_MSGSEND = YES;
				ENABLE_TESTABILITY = YES;
				GCC_C_LANGUAGE_STANDARD = gnu11;
				GCC_DYNAMIC_NO_PIC = NO;
				GCC_NO_COMMON_BLOCKS = YES;
				GCC_OPTIMIZATION_LEVEL = 0;
				GCC_PREPROCESSOR_DEFINITIONS = (
					"DEBUG=1",
					"$(inherited)",
				);
				GCC_WARN_64_TO_32_BIT_CONVERSION = YES;
				GCC_WARN_ABOUT_RETURN_TYPE = YES_ERROR;
				GCC_WARN_UNDECLARED_SELECTOR = YES;
				GCC_WARN_UNINITIALIZED_AUTOS = YES_AGGRESSIVE;
				GCC_WARN_UNUSED_FUNCTION = YES;
				GCC_WARN_UNUSED_VARIABLE = YES;
				IPHONEOS_DEPLOYMENT_TARGET = 12.0;
				MTL_ENABLE_DEBUG_INFO = INCLUDE_SOURCE;
				MTL_FAST_MATH = YES;
				ONLY_ACTIVE_ARCH = YES;
				SDKROOT = iphoneos;
				SWIFT_ACTIVE_COMPILATION_CONDITIONS = DEBUG;
				SWIFT_OPTIMIZATION_LEVEL = "-Onone";
			};
			name = Debug;
		};
		847FF6F1216EFD7C00C08AB2 /* Release */ = {
			isa = XCBuildConfiguration;
			buildSettings = {
				ALWAYS_SEARCH_USER_PATHS = NO;
				CLANG_ANALYZER_NONNULL = YES;
				CLANG_ANALYZER_NUMBER_OBJECT_CONVERSION = YES_AGGRESSIVE;
				CLANG_CXX_LANGUAGE_STANDARD = "gnu++14";
				CLANG_CXX_LIBRARY = "libc++";
				CLANG_ENABLE_MODULES = YES;
				CLANG_ENABLE_OBJC_ARC = YES;
				CLANG_ENABLE_OBJC_WEAK = YES;
				CLANG_WARN_BLOCK_CAPTURE_AUTORELEASING = YES;
				CLANG_WARN_BOOL_CONVERSION = YES;
				CLANG_WARN_COMMA = YES;
				CLANG_WARN_CONSTANT_CONVERSION = YES;
				CLANG_WARN_DEPRECATED_OBJC_IMPLEMENTATIONS = YES;
				CLANG_WARN_DIRECT_OBJC_ISA_USAGE = YES_ERROR;
				CLANG_WARN_DOCUMENTATION_COMMENTS = YES;
				CLANG_WARN_EMPTY_BODY = YES;
				CLANG_WARN_ENUM_CONVERSION = YES;
				CLANG_WARN_INFINITE_RECURSION = YES;
				CLANG_WARN_INT_CONVERSION = YES;
				CLANG_WARN_NON_LITERAL_NULL_CONVERSION = YES;
				CLANG_WARN_OBJC_IMPLICIT_RETAIN_SELF = YES;
				CLANG_WARN_OBJC_LITERAL_CONVERSION = YES;
				CLANG_WARN_OBJC_ROOT_CLASS = YES_ERROR;
				CLANG_WARN_RANGE_LOOP_ANALYSIS = YES;
				CLANG_WARN_STRICT_PROTOTYPES = YES;
				CLANG_WARN_SUSPICIOUS_MOVE = YES;
				CLANG_WARN_UNGUARDED_AVAILABILITY = YES_AGGRESSIVE;
				CLANG_WARN_UNREACHABLE_CODE = YES;
				CLANG_WARN__DUPLICATE_METHOD_MATCH = YES;
				CODE_SIGN_IDENTITY = "iPhone Developer";
				COPY_PHASE_STRIP = NO;
				DEBUG_INFORMATION_FORMAT = "dwarf-with-dsym";
				ENABLE_NS_ASSERTIONS = NO;
				ENABLE_STRICT_OBJC_MSGSEND = YES;
				GCC_C_LANGUAGE_STANDARD = gnu11;
				GCC_NO_COMMON_BLOCKS = YES;
				GCC_WARN_64_TO_32_BIT_CONVERSION = YES;
				GCC_WARN_ABOUT_RETURN_TYPE = YES_ERROR;
				GCC_WARN_UNDECLARED_SELECTOR = YES;
				GCC_WARN_UNINITIALIZED_AUTOS = YES_AGGRESSIVE;
				GCC_WARN_UNUSED_FUNCTION = YES;
				GCC_WARN_UNUSED_VARIABLE = YES;
				IPHONEOS_DEPLOYMENT_TARGET = 12.0;
				MTL_ENABLE_DEBUG_INFO = NO;
				MTL_FAST_MATH = YES;
				SDKROOT = iphoneos;
				SWIFT_COMPILATION_MODE = wholemodule;
				SWIFT_OPTIMIZATION_LEVEL = "-O";
				VALIDATE_PRODUCT = YES;
			};
			name = Release;
		};
		847FF6F3216EFD7C00C08AB2 /* Debug */ = {
			isa = XCBuildConfiguration;
			buildSettings = {
				ASSETCATALOG_COMPILER_APPICON_NAME = AppIcon;
				CODE_SIGN_STYLE = Automatic;
				DEVELOPMENT_TEAM = VJST25GM8P;
				INFOPLIST_FILE = coffeMachineClass/Info.plist;
				LD_RUNPATH_SEARCH_PATHS = (
					"$(inherited)",
					"@executable_path/Frameworks",
				);
				PRODUCT_BUNDLE_IDENTIFIER = "Dan-Skripka.coffeMachineClass";
				PRODUCT_NAME = "$(TARGET_NAME)";
				SWIFT_VERSION = 4.2;
				TARGETED_DEVICE_FAMILY = "1,2";
			};
			name = Debug;
		};
		847FF6F4216EFD7C00C08AB2 /* Release */ = {
			isa = XCBuildConfiguration;
			buildSettings = {
				ASSETCATALOG_COMPILER_APPICON_NAME = AppIcon;
				CODE_SIGN_STYLE = Automatic;
				DEVELOPMENT_TEAM = VJST25GM8P;
				INFOPLIST_FILE = coffeMachineClass/Info.plist;
				LD_RUNPATH_SEARCH_PATHS = (
					"$(inherited)",
					"@executable_path/Frameworks",
				);
				PRODUCT_BUNDLE_IDENTIFIER = "Dan-Skripka.coffeMachineClass";
				PRODUCT_NAME = "$(TARGET_NAME)";
				SWIFT_VERSION = 4.2;
				TARGETED_DEVICE_FAMILY = "1,2";
			};
			name = Release;
		};
/* End XCBuildConfiguration section */

/* Begin XCConfigurationList section */
		847FF6DB216EFD6400C08AB2 /* Build configuration list for PBXProject "coffeMachineClass" */ = {
			isa = XCConfigurationList;
			buildConfigurations = (
				847FF6F0216EFD7C00C08AB2 /* Debug */,
				847FF6F1216EFD7C00C08AB2 /* Release */,
			);
			defaultConfigurationIsVisible = 0;
			defaultConfigurationName = Release;
		};
		847FF6F2216EFD7C00C08AB2 /* Build configuration list for PBXNativeTarget "coffeMachineClass" */ = {
			isa = XCConfigurationList;
			buildConfigurations = (
				847FF6F3216EFD7C00C08AB2 /* Debug */,
				847FF6F4216EFD7C00C08AB2 /* Release */,
			);
			defaultConfigurationIsVisible = 0;
			defaultConfigurationName = Release;
		};
/* End XCConfigurationList section */
	};
	rootObject = 847FF6D8216EFD6400C08AB2 /* Project object */;
}
